// !$*UTF8*$!
{
	archiveVersion = 1;
	classes = {
	};
	objectVersion = 46;
	objects = {

/* Begin PBXBuildFile section */
		A773AE3C1BBDD2D100059312 /* main.m in Sources */ = {isa = PBXBuildFile; fileRef = A773AE3B1BBDD2D100059312 /* main.m */; };
		A773AE3F1BBDD2D100059312 /* AppDelegate.m in Sources */ = {isa = PBXBuildFile; fileRef = A773AE3E1BBDD2D100059312 /* AppDelegate.m */; };
		A773AE421BBDD2D100059312 /* ViewController.m in Sources */ = {isa = PBXBuildFile; fileRef = A773AE411BBDD2D100059312 /* ViewController.m */; };
		A773AE451BBDD2D100059312 /* Main.storyboard in Resources */ = {isa = PBXBuildFile; fileRef = A773AE431BBDD2D100059312 /* Main.storyboard */; };
		A773AE471BBDD2D100059312 /* Assets.xcassets in Resources */ = {isa = PBXBuildFile; fileRef = A773AE461BBDD2D100059312 /* Assets.xcassets */; };
		A773AE4A1BBDD2D100059312 /* LaunchScreen.storyboard in Resources */ = {isa = PBXBuildFile; fileRef = A773AE481BBDD2D100059312 /* LaunchScreen.storyboard */; };
/* End PBXBuildFile section */

/* Begin PBXFileReference section */
		A773AE371BBDD2D100059312 /* NotificationDemo.app */ = {isa = PBXFileReference; explicitFileType = wrapper.application; includeInIndex = 0; path = NotificationDemo.app; sourceTree = BUILT_PRODUCTS_DIR; };
		A773AE3B1BBDD2D100059312 /* main.m */ = {isa = PBXFileReference; lastKnownFileType = sourcecode.c.objc; path = main.m; sourceTree = "<group>"; };
		A773AE3D1BBDD2D100059312 /* AppDelegate.h */ = {isa = PBXFileReference; lastKnownFileType = sourcecode.c.h; path = AppDelegate.h; sourceTree = "<group>"; };
		A773AE3E1BBDD2D100059312 /* AppDelegate.m */ = {isa = PBXFileReference; lastKnownFileType = sourcecode.c.objc; path = AppDelegate.m; sourceTree = "<group>"; };
		A773AE401BBDD2D100059312 /* ViewController.h */ = {isa = PBXFileReference; lastKnownFileType = sourcecode.c.h; path = ViewController.h; sourceTree = "<group>"; };
		A773AE411BBDD2D100059312 /* ViewController.m */ = {isa = PBXFileReference; lastKnownFileType = sourcecode.c.objc; path = ViewController.m; sourceTree = "<group>"; };
		A773AE441BBDD2D100059312 /* Base */ = {isa = PBXFileReference; lastKnownFileType = file.storyboard; name = Base; path = Base.lproj/Main.storyboard; sourceTree = "<group>"; };
		A773AE461BBDD2D100059312 /* Assets.xcassets */ = {isa = PBXFileReference; lastKnownFileType = folder.assetcatalog; path = Assets.xcassets; sourceTree = "<group>"; };
		A773AE491BBDD2D100059312 /* Base */ = {isa = PBXFileReference; lastKnownFileType = file.storyboard; name = Base; path = Base.lproj/LaunchScreen.storyboard; sourceTree = "<group>"; };
		A773AE4B1BBDD2D100059312 /* Info.plist */ = {isa = PBXFileReference; lastKnownFileType = text.plist.xml; path = Info.plist; sourceTree = "<group>"; };
/* End PBXFileReference section */

/* Begin PBXFrameworksBuildPhase section */
		A773AE341BBDD2D100059312 /* Frameworks */ = {
			isa = PBXFrameworksBuildPhase;
			buildActionMask = 2147483647;
			files = (
			);
			runOnlyForDeploymentPostprocessing = 0;
		};
/* End PBXFrameworksBuildPhase section */

/* Begin PBXGroup section */
		A773AE2E1BBDD2D100059312 = {
			isa = PBXGroup;
			children = (
				A773AE391BBDD2D100059312 /* NotificationDemo */,
				A773AE381BBDD2D100059312 /* Products */,
			);
			sourceTree = "<group>";
		};
		A773AE381BBDD2D100059312 /* Products */ = {
			isa = PBXGroup;
			children = (
				A773AE371BBDD2D100059312 /* NotificationDemo.app */,
			);
			name = Products;
			sourceTree = "<group>";
		};
		A773AE391BBDD2D100059312 /* NotificationDemo */ = {
			isa = PBXGroup;
			children = (
				A773AE3D1BBDD2D100059312 /* AppDelegate.h */,
				A773AE3E1BBDD2D100059312 /* AppDelegate.m */,
				A773AE401BBDD2D100059312 /* ViewController.h */,
				A773AE411BBDD2D100059312 /* ViewController.m */,
				A773AE431BBDD2D100059312 /* Main.storyboard */,
				A773AE461BBDD2D100059312 /* Assets.xcassets */,
				A773AE481BBDD2D100059312 /* LaunchScreen.storyboard */,
				A773AE4B1BBDD2D100059312 /* Info.plist */,
				A773AE3A1BBDD2D100059312 /* Supporting Files */,
			);
			path = NotificationDemo;
			sourceTree = "<group>";
		};
		A773AE3A1BBDD2D100059312 /* Supporting Files */ = {
			isa = PBXGroup;
			children = (
				A773AE3B1BBDD2D100059312 /* main.m */,
			);
			name = "Supporting Files";
			sourceTree = "<group>";
		};
/* End PBXGroup section */

/* Begin PBXNativeTarget section */
		A773AE361BBDD2D100059312 /* NotificationDemo */ = {
			isa = PBXNativeTarget;
			buildConfigurationList = A773AE4E1BBDD2D100059312 /* Build configuration list for PBXNativeTarget "NotificationDemo" */;
			buildPhases = (
				A773AE331BBDD2D100059312 /* Sources */,
				A773AE341BBDD2D100059312 /* Frameworks */,
				A773AE351BBDD2D100059312 /* Resources */,
			);
			buildRules = (
			);
			dependencies = (
			);
			name = NotificationDemo;
			productName = NotificationDemo;
			productReference = A773AE371BBDD2D100059312 /* NotificationDemo.app */;
			productType = "com.apple.product-type.application";
		};
/* End PBXNativeTarget section */

/* Begin PBXProject section */
		A773AE2F1BBDD2D100059312 /* Project object */ = {
			isa = PBXProject;
			attributes = {
				LastUpgradeCheck = 0700;
				ORGANIZATIONNAME = qingjie;
				TargetAttributes = {
					A773AE361BBDD2D100059312 = {
						CreatedOnToolsVersion = 7.0.1;
					};
				};
			};
			buildConfigurationList = A773AE321BBDD2D100059312 /* Build configuration list for PBXProject "NotificationDemo" */;
			compatibilityVersion = "Xcode 3.2";
			developmentRegion = English;
			hasScannedForEncodings = 0;
			knownRegions = (
				en,
				Base,
			);
			mainGroup = A773AE2E1BBDD2D100059312;
			productRefGroup = A773AE381BBDD2D100059312 /* Products */;
			projectDirPath = "";
			projectRoot = "";
			targets = (
				A773AE361BBDD2D100059312 /* NotificationDemo */,
			);
		};
/* End PBXProject section */

/* Begin PBXResourcesBuildPhase section */
		A773AE351BBDD2D100059312 /* Resources */ = {
			isa = PBXResourcesBuildPhase;
			buildActionMask = 2147483647;
			files = (
				A773AE4A1BBDD2D100059312 /* LaunchScreen.storyboard in Resources */,
				A773AE471BBDD2D100059312 /* Assets.xcassets in Resources */,
				A773AE451BBDD2D100059312 /* Main.storyboard in Resources */,
			);
			runOnlyForDeploymentPostprocessing = 0;
		};
/* End PBXResourcesBuildPhase section */

/* Begin PBXSourcesBuildPhase section */
		A773AE331BBDD2D100059312 /* Sources */ = {
			isa = PBXSourcesBuildPhase;
			buildActionMask = 2147483647;
			files = (
				A773AE421BBDD2D100059312 /* ViewController.m in Sources */,
				A773AE3F1BBDD2D100059312 /* AppDelegate.m in Sources */,
				A773AE3C1BBDD2D100059312 /* main.m in Sources */,
			);
			runOnlyForDeploymentPostprocessing = 0;
		};
/* End PBXSourcesBuildPhase section */

/* Begin PBXVariantGroup section */
		A773AE431BBDD2D100059312 /* Main.storyboard */ = {
			isa = PBXVariantGroup;
			children = (
				A773AE441BBDD2D100059312 /* Base */,
			);
			name = Main.storyboard;
			sourceTree = "<group>";
		};
		A773AE481BBDD2D100059312 /* LaunchScreen.storyboard */ = {
			isa = PBXVariantGroup;
			children = (
				A773AE491BBDD2D100059312 /* Base */,
			);
			name = LaunchScreen.storyboard;
			sourceTree = "<group>";
		};
/* End PBXVariantGroup section */

/* Begin XCBuildConfiguration section */
		A773AE4C1BBDD2D100059312 /* Debug */ = {
			isa = XCBuildConfiguration;
			buildSettings = {
				ALWAYS_SEARCH_USER_PATHS = NO;
				CLANG_CXX_LANGUAGE_STANDARD = "gnu++0x";
				CLANG_CXX_LIBRARY = "libc++";
				CLANG_ENABLE_MODULES = YES;
				CLANG_ENABLE_OBJC_ARC = YES;
				CLANG_WARN_BOOL_CONVERSION = YES;
				CLANG_WARN_CONSTANT_CONVERSION = YES;
				CLANG_WARN_DIRECT_OBJC_ISA_USAGE = YES_ERROR;
				CLANG_WARN_EMPTY_BODY = YES;
				CLANG_WARN_ENUM_CONVERSION = YES;
				CLANG_WARN_INT_CONVERSION = YES;
				CLANG_WARN_OBJC_ROOT_CLASS = YES_ERROR;
				CLANG_WARN_UNREACHABLE_CODE = YES;
				CLANG_WARN__DUPLICATE_METHOD_MATCH = YES;
				"CODE_SIGN_IDENTITY[sdk=iphoneos*]" = "iPhone Developer";
				COPY_PHASE_STRIP = NO;
				DEBUG_INFORMATION_FORMAT = dwarf;
				ENABLE_STRICT_OBJC_MSGSEND = YES;
				ENABLE_TESTABILITY = YES;
				GCC_C_LANGUAGE_STANDARD = gnu99;
				GCC_DYNAMIC_NO_PIC = NO;
				GCC_NO_COMMON_BLOCKS = YES;
				GCC_OPTIMIZATION_LEVEL = 0;
				GCC_PREPROCESSOR_DEFINITIONS = (
					"DEBUG=1",
					"$(inherited)",
				);
				GCC_WARN_64_TO_32_BIT_CONVERSION = YES;
				GCC_WARN_ABOUT_RETURN_TYPE = YES_ERROR;
				GCC_WARN_UNDECLARED_SELECTOR = YES;
				GCC_WARN_UNINITIALIZED_AUTOS = YES_AGGRESSIVE;
				GCC_WARN_UNUSED_FUNCTION = YES;
				GCC_WARN_UNUSED_VARIABLE = YES;
				IPHONEOS_DEPLOYMENT_TARGET = 9.0;
				MTL_ENABLE_DEBUG_INFO = YES;
				ONLY_ACTIVE_ARCH = YES;
				SDKROOT = iphoneos;
			};
			name = Debug;
		};
		A773AE4D1BBDD2D100059312 /* Release */ = {
			isa = XCBuildConfiguration;
			buildSettings = {
				ALWAYS_SEARCH_USER_PATHS = NO;
				CLANG_CXX_LANGUAGE_STANDARD = "gnu++0x";
				CLANG_CXX_LIBRARY = "libc++";
				CLANG_ENABLE_MODULES = YES;
				CLANG_ENABLE_OBJC_ARC = YES;
				CLANG_WARN_BOOL_CONVERSION = YES;
				CLANG_WARN_CONSTANT_CONVERSION = YES;
				CLANG_WARN_DIRECT_OBJC_ISA_USAGE = YES_ERROR;
				CLANG_WARN_EMPTY_BODY = YES;
				CLANG_WARN_ENUM_CONVERSION = YES;
				CLANG_WARN_INT_CONVERSION = YES;
				CLANG_WARN_OBJC_ROOT_CLASS = YES_ERROR;
				CLANG_WARN_UNREACHABLE_CODE = YES;
				CLANG_WARN__DUPLICATE_METHOD_MATCH = YES;
				"CODE_SIGN_IDENTITY[sdk=iphoneos*]" = "iPhone Developer";
				COPY_PHASE_STRIP = NO;
				DEBUG_INFORMATION_FORMAT = "dwarf-with-dsym";
				ENABLE_NS_ASSERTIONS = NO;
				ENABLE_STRICT_OBJC_MSGSEND = YES;
				GCC_C_LANGUAGE_STANDARD = gnu99;
				GCC_NO_COMMON_BLOCKS = YES;
				GCC_WARN_64_TO_32_BIT_CONVERSION = YES;
				GCC_WARN_ABOUT_RETURN_TYPE = YES_ERROR;
				GCC_WARN_UNDECLARED_SELECTOR = YES;
				GCC_WARN_UNINITIALIZED_AUTOS = YES_AGGRESSIVE;
				GCC_WARN_UNUSED_FUNCTION = YES;
				GCC_WARN_UNUSED_VARIABLE = YES;
				IPHONEOS_DEPLOYMENT_TARGET = 9.0;
				MTL_ENABLE_DEBUG_INFO = NO;
				SDKROOT = iphoneos;
				VALIDATE_PRODUCT = YES;
			};
			name = Release;
		};
		A773AE4F1BBDD2D100059312 /* Debug */ = {
			isa = XCBuildConfiguration;
			buildSettings = {
				ASSETCATALOG_COMPILER_APPICON_NAME = AppIcon;
				INFOPLIST_FILE = NotificationDemo/Info.plist;
				LD_RUNPATH_SEARCH_PATHS = "$(inherited) @executable_path/Frameworks";
				PRODUCT_BUNDLE_IDENTIFIER = com.qingjiezhao.www.NotificationDemo;
				PRODUCT_NAME = "$(TARGET_NAME)";
			};
			name = Debug;
		};
		A773AE501BBDD2D100059312 /* Release */ = {
			isa = XCBuildConfiguration;
			buildSettings = {
				ASSETCATALOG_COMPILER_APPICON_NAME = AppIcon;
				INFOPLIST_FILE = NotificationDemo/Info.plist;
				LD_RUNPATH_SEARCH_PATHS = "$(inherited) @executable_path/Frameworks";
				PRODUCT_BUNDLE_IDENTIFIER = com.qingjiezhao.www.NotificationDemo;
				PRODUCT_NAME = "$(TARGET_NAME)";
			};
			name = Release;
		};
/* End XCBuildConfiguration section */

/* Begin XCConfigurationList section */
		A773AE321BBDD2D100059312 /* Build configuration list for PBXProject "NotificationDemo" */ = {
			isa = XCConfigurationList;
			buildConfigurations = (
				A773AE4C1BBDD2D100059312 /* Debug */,
				A773AE4D1BBDD2D100059312 /* Release */,
			);
			defaultConfigurationIsVisible = 0;
			defaultConfigurationName = Release;
		};
		A773AE4E1BBDD2D100059312 /* Build configuration list for PBXNativeTarget "NotificationDemo" */ = {
			isa = XCConfigurationList;
			buildConfigurations = (
				A773AE4F1BBDD2D100059312 /* Debug */,
				A773AE501BBDD2D100059312 /* Release */,
			);
			defaultConfigurationIsVisible = 0;
		};
/* End XCConfigurationList section */
	};
	rootObject = A773AE2F1BBDD2D100059312 /* Project object */;
}
